lockfileVersion: '9.0'

settings:
  autoInstallPeers: true
  excludeLinksFromLockfile: false

importers:

  .:
    devDependencies:
      '@citizenfx/client':
        specifier: 2.0.6878-1
        version: 2.0.6878-1
      bun-types:
        specifier: ^1.0.6
        version: 1.0.31

packages:

  '@citizenfx/client@2.0.6878-1':
    resolution: {integrity: sha512-iYGWiErCMJ6eHqOkE91lKQjOz+wxHkluZMZsEbJRjjhslOnVvAboPUdqNYfiWfXyGwYRAd/9VyzzLhH03MfbWA==}

  '@types/node@20.11.28':
    resolution: {integrity: sha512-M/GPWVS2wLkSkNHVeLkrF2fD5Lx5UC4PxA0uZcKc6QqbIQUJyW1jVjueJYi1z8n0I5PxYrtpnPnWglE+y9A0KA==}

  '@types/ws@8.5.10':
    resolution: {integrity: sha512-vmQSUcfalpIq0R9q7uTo2lXs6eGIpt9wtnLdMv9LVpIjCA/+ufZRozlVoVelIYixx1ugCBKDhn89vnsEGOCx9A==}

  bun-types@1.0.31:
    resolution: {integrity: sha512-Y7lROXMHMWe/6O0wDrFbyV4IRIQYhVnV2HrhKQzMAIpO+ffv+UBphoUUHYC2D8HhoYJkrBXKJJt/Es6NWKNLpg==}

  undici-types@5.26.5:
    resolution: {integrity: sha512-JlCMO+ehdEIKqlFxk6IfVoAUVmgz7cU7zD/h9XZ0qzeosSHmUJVOzSQvvYSYWXkFXC+IfLKSIffhv0sVZup6pA==}

snapshots:

  '@citizenfx/client@2.0.6878-1': {}

  '@types/node@20.11.28':
    dependencies:
      undici-types: 5.26.5

  '@types/ws@8.5.10':
    dependencies:
      '@types/node': 20.11.28

  bun-types@1.0.31:
    dependencies:
      '@types/node': 20.11.28
      '@types/ws': 8.5.10

  undici-types@5.26.5: {}
